// !$*UTF8*$!
{
	archiveVersion = 1;
	classes = {
	};
	objectVersion = 60;
	objects = {

/* Begin PBXBuildFile section */
		3356669F2C4F92E800100C0E /* AppDelegate.swift in Sources */ = {isa = PBXBuildFile; fileRef = 3356669E2C4F92E800100C0E /* AppDelegate.swift */; };
		335666A12C4F92E800100C0E /* SceneDelegate.swift in Sources */ = {isa = PBXBuildFile; fileRef = 335666A02C4F92E800100C0E /* SceneDelegate.swift */; };
		335666A82C4F92EA00100C0E /* Assets.xcassets in Resources */ = {isa = PBXBuildFile; fileRef = 335666A72C4F92EA00100C0E /* Assets.xcassets */; };
		335666AB2C4F92EA00100C0E /* LaunchScreen.storyboard in Resources */ = {isa = PBXBuildFile; fileRef = 335666A92C4F92EA00100C0E /* LaunchScreen.storyboard */; };
		335666B62C4F92EB00100C0E /* MyWorldAppTests.swift in Sources */ = {isa = PBXBuildFile; fileRef = 335666B52C4F92EB00100C0E /* MyWorldAppTests.swift */; };
		335666C02C4F92EB00100C0E /* MyWorldAppUITests.swift in Sources */ = {isa = PBXBuildFile; fileRef = 335666BF2C4F92EB00100C0E /* MyWorldAppUITests.swift */; };
		335666C22C4F92EB00100C0E /* MyWorldAppUITestsLaunchTests.swift in Sources */ = {isa = PBXBuildFile; fileRef = 335666C12C4F92EB00100C0E /* MyWorldAppUITestsLaunchTests.swift */; };
		335666D02C4F937400100C0E /* SnapKit in Frameworks */ = {isa = PBXBuildFile; productRef = 335666CF2C4F937400100C0E /* SnapKit */; };
		335666D82C4F965700100C0E /* TabBar.swift in Sources */ = {isa = PBXBuildFile; fileRef = 335666D72C4F965700100C0E /* TabBar.swift */; };
		335666DA2C4F96B600100C0E /* WorldViewController.swift in Sources */ = {isa = PBXBuildFile; fileRef = 335666D92C4F96B600100C0E /* WorldViewController.swift */; };
		335666DC2C4F96F200100C0E /* MyLogViewController.swift in Sources */ = {isa = PBXBuildFile; fileRef = 335666DB2C4F96F200100C0E /* MyLogViewController.swift */; };
		335666DE2C4F970200100C0E /* SearchViewController.swift in Sources */ = {isa = PBXBuildFile; fileRef = 335666DD2C4F970200100C0E /* SearchViewController.swift */; };
		335666E02C4F971500100C0E /* MyPageViewController.swift in Sources */ = {isa = PBXBuildFile; fileRef = 335666DF2C4F971500100C0E /* MyPageViewController.swift */; };
		335666E32C4F973400100C0E /* LoginViewController.swift in Sources */ = {isa = PBXBuildFile; fileRef = 335666E22C4F973400100C0E /* LoginViewController.swift */; };
		335666E52C5254C300100C0E /* PuzzleViewCell.swift in Sources */ = {isa = PBXBuildFile; fileRef = 335666E42C5254C300100C0E /* PuzzleViewCell.swift */; };
		335667642C5765BF00100C0E /* PuzzleItem.swift in Sources */ = {isa = PBXBuildFile; fileRef = 335667632C5765BF00100C0E /* PuzzleItem.swift */; };
		335667682C5CBE5700100C0E /* PhotoLogViewController.swift in Sources */ = {isa = PBXBuildFile; fileRef = 335667672C5CBE5700100C0E /* PhotoLogViewController.swift */; };
		3356676A2C5CBE6900100C0E /* VideoLogViewController.swift in Sources */ = {isa = PBXBuildFile; fileRef = 335667692C5CBE6900100C0E /* VideoLogViewController.swift */; };
		3356676C2C5CBE8100100C0E /* MemoLogViewController.swift in Sources */ = {isa = PBXBuildFile; fileRef = 3356676B2C5CBE8100100C0E /* MemoLogViewController.swift */; };
		3356676E2C5CCE0900100C0E /* CustomNavigationBar.swift in Sources */ = {isa = PBXBuildFile; fileRef = 3356676D2C5CCE0900100C0E /* CustomNavigationBar.swift */; };
		335667752C609AE400100C0E /* LogStartNavigationBar.swift in Sources */ = {isa = PBXBuildFile; fileRef = 335667742C609AE400100C0E /* LogStartNavigationBar.swift */; };
		335667772C609D9800100C0E /* LogViewController.swift in Sources */ = {isa = PBXBuildFile; fileRef = 335667762C609D9800100C0E /* LogViewController.swift */; };
		3356677A2C60A1E900100C0E /* Alamofire in Frameworks */ = {isa = PBXBuildFile; productRef = 335667792C60A1E900100C0E /* Alamofire */; };
		3356677C2C60A42100100C0E /* Back.swift in Sources */ = {isa = PBXBuildFile; fileRef = 3356677B2C60A42100100C0E /* Back.swift */; };
		3356677F2C60A4E000100C0E /* StartLogViewController.swift in Sources */ = {isa = PBXBuildFile; fileRef = 3356677E2C60A4E000100C0E /* StartLogViewController.swift */; };
		335667882C66152200100C0E /* NetworkManager.swift in Sources */ = {isa = PBXBuildFile; fileRef = 335667872C66152200100C0E /* NetworkManager.swift */; };
		33A14FDE2C68A3AF001B6FA1 /* LogSearchItem.swift in Sources */ = {isa = PBXBuildFile; fileRef = 33A14FDD2C68A3AF001B6FA1 /* LogSearchItem.swift */; };
		33A14FE02C68A681001B6FA1 /* LogSearchResultsViewController.swift in Sources */ = {isa = PBXBuildFile; fileRef = 33A14FDF2C68A681001B6FA1 /* LogSearchResultsViewController.swift */; };
		A90C354A2C67D02500FCE186 /* SignUpView.swift in Sources */ = {isa = PBXBuildFile; fileRef = A90C35452C67D02500FCE186 /* SignUpView.swift */; };
		A90C354B2C67D02600FCE186 /* SIgnUpViewController.swift in Sources */ = {isa = PBXBuildFile; fileRef = A90C35462C67D02500FCE186 /* SIgnUpViewController.swift */; };
		A90C354C2C67D02600FCE186 /* kakaoAuthVM.swift in Sources */ = {isa = PBXBuildFile; fileRef = A90C35472C67D02500FCE186 /* kakaoAuthVM.swift */; };
		A90C354D2C67D02600FCE186 /* LoginView.swift in Sources */ = {isa = PBXBuildFile; fileRef = A90C35482C67D02500FCE186 /* LoginView.swift */; };
		A90C354E2C67D02600FCE186 /* UserInfoViewController.swift in Sources */ = {isa = PBXBuildFile; fileRef = A90C35492C67D02500FCE186 /* UserInfoViewController.swift */; };
		A9596B4E2C67CD2600950E12 /* FirebaseAnalytics in Frameworks */ = {isa = PBXBuildFile; productRef = A9596B4D2C67CD2600950E12 /* FirebaseAnalytics */; };
		A9596B502C67CD2600950E12 /* FirebaseAnalyticsOnDeviceConversion in Frameworks */ = {isa = PBXBuildFile; productRef = A9596B4F2C67CD2600950E12 /* FirebaseAnalyticsOnDeviceConversion */; };
		A9596B522C67CD2600950E12 /* FirebaseAnalyticsWithoutAdIdSupport in Frameworks */ = {isa = PBXBuildFile; productRef = A9596B512C67CD2600950E12 /* FirebaseAnalyticsWithoutAdIdSupport */; };
		A9596B542C67CD2600950E12 /* FirebaseAppCheck in Frameworks */ = {isa = PBXBuildFile; productRef = A9596B532C67CD2600950E12 /* FirebaseAppCheck */; };
		A9596B562C67CD2600950E12 /* FirebaseAppDistribution-Beta in Frameworks */ = {isa = PBXBuildFile; productRef = A9596B552C67CD2600950E12 /* FirebaseAppDistribution-Beta */; };
		A9596B582C67CD2600950E12 /* FirebaseAuth in Frameworks */ = {isa = PBXBuildFile; productRef = A9596B572C67CD2600950E12 /* FirebaseAuth */; };
		A9596B5A2C67CD2600950E12 /* FirebaseAuthCombine-Community in Frameworks */ = {isa = PBXBuildFile; productRef = A9596B592C67CD2600950E12 /* FirebaseAuthCombine-Community */; };
		A9596B5C2C67CD2600950E12 /* FirebaseCrashlytics in Frameworks */ = {isa = PBXBuildFile; productRef = A9596B5B2C67CD2600950E12 /* FirebaseCrashlytics */; };
		A9596B5E2C67CD2600950E12 /* FirebaseDatabase in Frameworks */ = {isa = PBXBuildFile; productRef = A9596B5D2C67CD2600950E12 /* FirebaseDatabase */; };
		A9596B602C67CD2600950E12 /* FirebaseDynamicLinks in Frameworks */ = {isa = PBXBuildFile; productRef = A9596B5F2C67CD2600950E12 /* FirebaseDynamicLinks */; };
		A9596B622C67CD2600950E12 /* FirebaseFirestore in Frameworks */ = {isa = PBXBuildFile; productRef = A9596B612C67CD2600950E12 /* FirebaseFirestore */; };
		A9596B642C67CD2600950E12 /* FirebaseFirestoreCombine-Community in Frameworks */ = {isa = PBXBuildFile; productRef = A9596B632C67CD2600950E12 /* FirebaseFirestoreCombine-Community */; };
		A9596B662C67CD2600950E12 /* FirebaseFunctions in Frameworks */ = {isa = PBXBuildFile; productRef = A9596B652C67CD2600950E12 /* FirebaseFunctions */; };
		A9596B682C67CD2600950E12 /* FirebaseFunctionsCombine-Community in Frameworks */ = {isa = PBXBuildFile; productRef = A9596B672C67CD2600950E12 /* FirebaseFunctionsCombine-Community */; };
		A9596B6A2C67CD2600950E12 /* FirebaseInAppMessaging-Beta in Frameworks */ = {isa = PBXBuildFile; productRef = A9596B692C67CD2600950E12 /* FirebaseInAppMessaging-Beta */; };
		A9596B6C2C67CD2600950E12 /* FirebaseInstallations in Frameworks */ = {isa = PBXBuildFile; productRef = A9596B6B2C67CD2600950E12 /* FirebaseInstallations */; };
		A9596B6E2C67CD2600950E12 /* FirebaseMLModelDownloader in Frameworks */ = {isa = PBXBuildFile; productRef = A9596B6D2C67CD2600950E12 /* FirebaseMLModelDownloader */; };
		A9596B702C67CD2600950E12 /* FirebaseMessaging in Frameworks */ = {isa = PBXBuildFile; productRef = A9596B6F2C67CD2600950E12 /* FirebaseMessaging */; };
		A9596B722C67CD2600950E12 /* FirebasePerformance in Frameworks */ = {isa = PBXBuildFile; productRef = A9596B712C67CD2600950E12 /* FirebasePerformance */; };
		A9596B742C67CD2600950E12 /* FirebaseRemoteConfig in Frameworks */ = {isa = PBXBuildFile; productRef = A9596B732C67CD2600950E12 /* FirebaseRemoteConfig */; };
		A9596B762C67CD2600950E12 /* FirebaseStorage in Frameworks */ = {isa = PBXBuildFile; productRef = A9596B752C67CD2600950E12 /* FirebaseStorage */; };
		A9596B782C67CD2600950E12 /* FirebaseStorageCombine-Community in Frameworks */ = {isa = PBXBuildFile; productRef = A9596B772C67CD2600950E12 /* FirebaseStorageCombine-Community */; };
		A9596B7A2C67CD2600950E12 /* FirebaseVertexAI-Preview in Frameworks */ = {isa = PBXBuildFile; productRef = A9596B792C67CD2600950E12 /* FirebaseVertexAI-Preview */; };
		A9596B7D2C67CD3900950E12 /* SwiftyJSON in Frameworks */ = {isa = PBXBuildFile; productRef = A9596B7C2C67CD3900950E12 /* SwiftyJSON */; };
		A9596B802C67CD5B00950E12 /* KakaoSDK in Frameworks */ = {isa = PBXBuildFile; productRef = A9596B7F2C67CD5B00950E12 /* KakaoSDK */; };
		A9596B822C67CD5B00950E12 /* KakaoSDKAuth in Frameworks */ = {isa = PBXBuildFile; productRef = A9596B812C67CD5B00950E12 /* KakaoSDKAuth */; };
		A9596B842C67CD5B00950E12 /* KakaoSDKCert in Frameworks */ = {isa = PBXBuildFile; productRef = A9596B832C67CD5B00950E12 /* KakaoSDKCert */; };
		A9596B862C67CD5B00950E12 /* KakaoSDKCertCore in Frameworks */ = {isa = PBXBuildFile; productRef = A9596B852C67CD5B00950E12 /* KakaoSDKCertCore */; };
		A9596B882C67CD5B00950E12 /* KakaoSDKCommon in Frameworks */ = {isa = PBXBuildFile; productRef = A9596B872C67CD5B00950E12 /* KakaoSDKCommon */; };
		A9596B8A2C67CD5B00950E12 /* KakaoSDKFriend in Frameworks */ = {isa = PBXBuildFile; productRef = A9596B892C67CD5B00950E12 /* KakaoSDKFriend */; };
		A9596B8C2C67CD5B00950E12 /* KakaoSDKFriendCore in Frameworks */ = {isa = PBXBuildFile; productRef = A9596B8B2C67CD5B00950E12 /* KakaoSDKFriendCore */; };
		A9596B8E2C67CD5B00950E12 /* KakaoSDKNavi in Frameworks */ = {isa = PBXBuildFile; productRef = A9596B8D2C67CD5B00950E12 /* KakaoSDKNavi */; };
		A9596B902C67CD5B00950E12 /* KakaoSDKShare in Frameworks */ = {isa = PBXBuildFile; productRef = A9596B8F2C67CD5B00950E12 /* KakaoSDKShare */; };
		A9596B922C67CD5B00950E12 /* KakaoSDKTalk in Frameworks */ = {isa = PBXBuildFile; productRef = A9596B912C67CD5B00950E12 /* KakaoSDKTalk */; };
		A9596B942C67CD5B00950E12 /* KakaoSDKTemplate in Frameworks */ = {isa = PBXBuildFile; productRef = A9596B932C67CD5B00950E12 /* KakaoSDKTemplate */; };
		A9596B962C67CD5B00950E12 /* KakaoSDKUser in Frameworks */ = {isa = PBXBuildFile; productRef = A9596B952C67CD5B00950E12 /* KakaoSDKUser */; };
/* End PBXBuildFile section */

/* Begin PBXContainerItemProxy section */
		335666B22C4F92EB00100C0E /* PBXContainerItemProxy */ = {
			isa = PBXContainerItemProxy;
			containerPortal = 335666932C4F92E800100C0E /* Project object */;
			proxyType = 1;
			remoteGlobalIDString = 3356669A2C4F92E800100C0E;
			remoteInfo = MyWorldApp;
		};
		335666BC2C4F92EB00100C0E /* PBXContainerItemProxy */ = {
			isa = PBXContainerItemProxy;
			containerPortal = 335666932C4F92E800100C0E /* Project object */;
			proxyType = 1;
			remoteGlobalIDString = 3356669A2C4F92E800100C0E;
			remoteInfo = MyWorldApp;
		};
/* End PBXContainerItemProxy section */

/* Begin PBXFileReference section */
		3356669B2C4F92E800100C0E /* MyWorldApp.app */ = {isa = PBXFileReference; explicitFileType = wrapper.application; includeInIndex = 0; path = MyWorldApp.app; sourceTree = BUILT_PRODUCTS_DIR; };
		3356669E2C4F92E800100C0E /* AppDelegate.swift */ = {isa = PBXFileReference; lastKnownFileType = sourcecode.swift; path = AppDelegate.swift; sourceTree = "<group>"; };
		335666A02C4F92E800100C0E /* SceneDelegate.swift */ = {isa = PBXFileReference; lastKnownFileType = sourcecode.swift; path = SceneDelegate.swift; sourceTree = "<group>"; };
		335666A72C4F92EA00100C0E /* Assets.xcassets */ = {isa = PBXFileReference; lastKnownFileType = folder.assetcatalog; path = Assets.xcassets; sourceTree = "<group>"; };
		335666AA2C4F92EA00100C0E /* Base */ = {isa = PBXFileReference; lastKnownFileType = file.storyboard; name = Base; path = Base.lproj/LaunchScreen.storyboard; sourceTree = "<group>"; };
		335666AC2C4F92EA00100C0E /* Info.plist */ = {isa = PBXFileReference; lastKnownFileType = text.plist.xml; path = Info.plist; sourceTree = "<group>"; };
		335666B12C4F92EB00100C0E /* MyWorldAppTests.xctest */ = {isa = PBXFileReference; explicitFileType = wrapper.cfbundle; includeInIndex = 0; path = MyWorldAppTests.xctest; sourceTree = BUILT_PRODUCTS_DIR; };
		335666B52C4F92EB00100C0E /* MyWorldAppTests.swift */ = {isa = PBXFileReference; lastKnownFileType = sourcecode.swift; path = MyWorldAppTests.swift; sourceTree = "<group>"; };
		335666BB2C4F92EB00100C0E /* MyWorldAppUITests.xctest */ = {isa = PBXFileReference; explicitFileType = wrapper.cfbundle; includeInIndex = 0; path = MyWorldAppUITests.xctest; sourceTree = BUILT_PRODUCTS_DIR; };
		335666BF2C4F92EB00100C0E /* MyWorldAppUITests.swift */ = {isa = PBXFileReference; lastKnownFileType = sourcecode.swift; path = MyWorldAppUITests.swift; sourceTree = "<group>"; };
		335666C12C4F92EB00100C0E /* MyWorldAppUITestsLaunchTests.swift */ = {isa = PBXFileReference; lastKnownFileType = sourcecode.swift; path = MyWorldAppUITestsLaunchTests.swift; sourceTree = "<group>"; };
		335666D72C4F965700100C0E /* TabBar.swift */ = {isa = PBXFileReference; lastKnownFileType = sourcecode.swift; path = TabBar.swift; sourceTree = "<group>"; };
		335666D92C4F96B600100C0E /* WorldViewController.swift */ = {isa = PBXFileReference; lastKnownFileType = sourcecode.swift; path = WorldViewController.swift; sourceTree = "<group>"; };
		335666DB2C4F96F200100C0E /* MyLogViewController.swift */ = {isa = PBXFileReference; lastKnownFileType = sourcecode.swift; path = MyLogViewController.swift; sourceTree = "<group>"; };
		335666DD2C4F970200100C0E /* SearchViewController.swift */ = {isa = PBXFileReference; lastKnownFileType = sourcecode.swift; path = SearchViewController.swift; sourceTree = "<group>"; };
		335666DF2C4F971500100C0E /* MyPageViewController.swift */ = {isa = PBXFileReference; lastKnownFileType = sourcecode.swift; path = MyPageViewController.swift; sourceTree = "<group>"; };
		335666E22C4F973400100C0E /* LoginViewController.swift */ = {isa = PBXFileReference; lastKnownFileType = sourcecode.swift; path = LoginViewController.swift; sourceTree = "<group>"; };
		335666E42C5254C300100C0E /* PuzzleViewCell.swift */ = {isa = PBXFileReference; lastKnownFileType = sourcecode.swift; path = PuzzleViewCell.swift; sourceTree = "<group>"; };
		335667632C5765BF00100C0E /* PuzzleItem.swift */ = {isa = PBXFileReference; lastKnownFileType = sourcecode.swift; path = PuzzleItem.swift; sourceTree = "<group>"; };
		335667672C5CBE5700100C0E /* PhotoLogViewController.swift */ = {isa = PBXFileReference; lastKnownFileType = sourcecode.swift; path = PhotoLogViewController.swift; sourceTree = "<group>"; };
		335667692C5CBE6900100C0E /* VideoLogViewController.swift */ = {isa = PBXFileReference; lastKnownFileType = sourcecode.swift; path = VideoLogViewController.swift; sourceTree = "<group>"; };
		3356676B2C5CBE8100100C0E /* MemoLogViewController.swift */ = {isa = PBXFileReference; lastKnownFileType = sourcecode.swift; path = MemoLogViewController.swift; sourceTree = "<group>"; };
		3356676D2C5CCE0900100C0E /* CustomNavigationBar.swift */ = {isa = PBXFileReference; lastKnownFileType = sourcecode.swift; path = CustomNavigationBar.swift; sourceTree = "<group>"; };
		335667742C609AE400100C0E /* LogStartNavigationBar.swift */ = {isa = PBXFileReference; lastKnownFileType = sourcecode.swift; path = LogStartNavigationBar.swift; sourceTree = "<group>"; };
		335667762C609D9800100C0E /* LogViewController.swift */ = {isa = PBXFileReference; lastKnownFileType = sourcecode.swift; path = LogViewController.swift; sourceTree = "<group>"; };
		3356677B2C60A42100100C0E /* Back.swift */ = {isa = PBXFileReference; lastKnownFileType = sourcecode.swift; path = Back.swift; sourceTree = "<group>"; };
		3356677E2C60A4E000100C0E /* StartLogViewController.swift */ = {isa = PBXFileReference; lastKnownFileType = sourcecode.swift; path = StartLogViewController.swift; sourceTree = "<group>"; };
		335667872C66152200100C0E /* NetworkManager.swift */ = {isa = PBXFileReference; lastKnownFileType = sourcecode.swift; path = NetworkManager.swift; sourceTree = "<group>"; };
		335667892C6617C200100C0E /* Secrets.xcconfig */ = {isa = PBXFileReference; lastKnownFileType = text.xcconfig; path = Secrets.xcconfig; sourceTree = "<group>"; };
		33A14FDD2C68A3AF001B6FA1 /* LogSearchItem.swift */ = {isa = PBXFileReference; lastKnownFileType = sourcecode.swift; path = LogSearchItem.swift; sourceTree = "<group>"; };
		33A14FDF2C68A681001B6FA1 /* LogSearchResultsViewController.swift */ = {isa = PBXFileReference; lastKnownFileType = sourcecode.swift; path = LogSearchResultsViewController.swift; sourceTree = "<group>"; };
		A90C35452C67D02500FCE186 /* SignUpView.swift */ = {isa = PBXFileReference; fileEncoding = 4; lastKnownFileType = sourcecode.swift; path = SignUpView.swift; sourceTree = "<group>"; };
		A90C35462C67D02500FCE186 /* SIgnUpViewController.swift */ = {isa = PBXFileReference; fileEncoding = 4; lastKnownFileType = sourcecode.swift; path = SIgnUpViewController.swift; sourceTree = "<group>"; };
		A90C35472C67D02500FCE186 /* kakaoAuthVM.swift */ = {isa = PBXFileReference; fileEncoding = 4; lastKnownFileType = sourcecode.swift; path = kakaoAuthVM.swift; sourceTree = "<group>"; };
		A90C35482C67D02500FCE186 /* LoginView.swift */ = {isa = PBXFileReference; fileEncoding = 4; lastKnownFileType = sourcecode.swift; path = LoginView.swift; sourceTree = "<group>"; };
		A90C35492C67D02500FCE186 /* UserInfoViewController.swift */ = {isa = PBXFileReference; fileEncoding = 4; lastKnownFileType = sourcecode.swift; path = UserInfoViewController.swift; sourceTree = "<group>"; };
/* End PBXFileReference section */

/* Begin PBXFrameworksBuildPhase section */
		335666982C4F92E800100C0E /* Frameworks */ = {
			isa = PBXFrameworksBuildPhase;
			buildActionMask = 2147483647;
			files = (
				A9596B7D2C67CD3900950E12 /* SwiftyJSON in Frameworks */,
				A9596B562C67CD2600950E12 /* FirebaseAppDistribution-Beta in Frameworks */,
				A9596B942C67CD5B00950E12 /* KakaoSDKTemplate in Frameworks */,
				A9596B862C67CD5B00950E12 /* KakaoSDKCertCore in Frameworks */,
				A9596B622C67CD2600950E12 /* FirebaseFirestore in Frameworks */,
				A9596B5A2C67CD2600950E12 /* FirebaseAuthCombine-Community in Frameworks */,
				A9596B6C2C67CD2600950E12 /* FirebaseInstallations in Frameworks */,
				335666D02C4F937400100C0E /* SnapKit in Frameworks */,
				A9596B902C67CD5B00950E12 /* KakaoSDKShare in Frameworks */,
				A9596B7A2C67CD2600950E12 /* FirebaseVertexAI-Preview in Frameworks */,
				A9596B822C67CD5B00950E12 /* KakaoSDKAuth in Frameworks */,
				A9596B522C67CD2600950E12 /* FirebaseAnalyticsWithoutAdIdSupport in Frameworks */,
				A9596B802C67CD5B00950E12 /* KakaoSDK in Frameworks */,
				A9596B6A2C67CD2600950E12 /* FirebaseInAppMessaging-Beta in Frameworks */,
				3356677A2C60A1E900100C0E /* Alamofire in Frameworks */,
				A9596B4E2C67CD2600950E12 /* FirebaseAnalytics in Frameworks */,
				A9596B682C67CD2600950E12 /* FirebaseFunctionsCombine-Community in Frameworks */,
				A9596B8A2C67CD5B00950E12 /* KakaoSDKFriend in Frameworks */,
				A9596B782C67CD2600950E12 /* FirebaseStorageCombine-Community in Frameworks */,
				A9596B542C67CD2600950E12 /* FirebaseAppCheck in Frameworks */,
				A9596B762C67CD2600950E12 /* FirebaseStorage in Frameworks */,
				A9596B882C67CD5B00950E12 /* KakaoSDKCommon in Frameworks */,
				A9596B962C67CD5B00950E12 /* KakaoSDKUser in Frameworks */,
				A9596B922C67CD5B00950E12 /* KakaoSDKTalk in Frameworks */,
				A9596B742C67CD2600950E12 /* FirebaseRemoteConfig in Frameworks */,
				A9596B5C2C67CD2600950E12 /* FirebaseCrashlytics in Frameworks */,
				A9596B702C67CD2600950E12 /* FirebaseMessaging in Frameworks */,
				A9596B842C67CD5B00950E12 /* KakaoSDKCert in Frameworks */,
				A9596B6E2C67CD2600950E12 /* FirebaseMLModelDownloader in Frameworks */,
				A9596B8E2C67CD5B00950E12 /* KakaoSDKNavi in Frameworks */,
				A9596B722C67CD2600950E12 /* FirebasePerformance in Frameworks */,
				A9596B5E2C67CD2600950E12 /* FirebaseDatabase in Frameworks */,
				A9596B502C67CD2600950E12 /* FirebaseAnalyticsOnDeviceConversion in Frameworks */,
				A9596B582C67CD2600950E12 /* FirebaseAuth in Frameworks */,
				A9596B8C2C67CD5B00950E12 /* KakaoSDKFriendCore in Frameworks */,
				A9596B662C67CD2600950E12 /* FirebaseFunctions in Frameworks */,
				A9596B602C67CD2600950E12 /* FirebaseDynamicLinks in Frameworks */,
				A9596B642C67CD2600950E12 /* FirebaseFirestoreCombine-Community in Frameworks */,
			);
			runOnlyForDeploymentPostprocessing = 0;
		};
		335666AE2C4F92EB00100C0E /* Frameworks */ = {
			isa = PBXFrameworksBuildPhase;
			buildActionMask = 2147483647;
			files = (
			);
			runOnlyForDeploymentPostprocessing = 0;
		};
		335666B82C4F92EB00100C0E /* Frameworks */ = {
			isa = PBXFrameworksBuildPhase;
			buildActionMask = 2147483647;
			files = (
			);
			runOnlyForDeploymentPostprocessing = 0;
		};
/* End PBXFrameworksBuildPhase section */

/* Begin PBXGroup section */
		335666922C4F92E800100C0E = {
			isa = PBXGroup;
			children = (
				335667892C6617C200100C0E /* Secrets.xcconfig */,
				3356669D2C4F92E800100C0E /* MyWorldApp */,
				335666B42C4F92EB00100C0E /* MyWorldAppTests */,
				335666BE2C4F92EB00100C0E /* MyWorldAppUITests */,
				3356669C2C4F92E800100C0E /* Products */,
			);
			sourceTree = "<group>";
		};
		3356669C2C4F92E800100C0E /* Products */ = {
			isa = PBXGroup;
			children = (
				3356669B2C4F92E800100C0E /* MyWorldApp.app */,
				335666B12C4F92EB00100C0E /* MyWorldAppTests.xctest */,
				335666BB2C4F92EB00100C0E /* MyWorldAppUITests.xctest */,
			);
			name = Products;
			sourceTree = "<group>";
		};
		3356669D2C4F92E800100C0E /* MyWorldApp */ = {
			isa = PBXGroup;
			children = (
				335667842C66146B00100C0E /* Alamofire */,
				3356677D2C60A42C00100C0E /* Function */,
				335666D62C4F953800100C0E /* Button */,
				335666D52C4F952800100C0E /* My Page */,
				335666D42C4F951F00100C0E /* Search */,
				335666D32C4F94EA00100C0E /* My Log */,
				335666D22C4F943200100C0E /* World */,
				335666D12C4F941500100C0E /* Login */,
				3356669E2C4F92E800100C0E /* AppDelegate.swift */,
				335666A02C4F92E800100C0E /* SceneDelegate.swift */,
				335666A72C4F92EA00100C0E /* Assets.xcassets */,
				335666A92C4F92EA00100C0E /* LaunchScreen.storyboard */,
				335666AC2C4F92EA00100C0E /* Info.plist */,
			);
			path = MyWorldApp;
			sourceTree = "<group>";
		};
		335666B42C4F92EB00100C0E /* MyWorldAppTests */ = {
			isa = PBXGroup;
			children = (
				335666B52C4F92EB00100C0E /* MyWorldAppTests.swift */,
			);
			path = MyWorldAppTests;
			sourceTree = "<group>";
		};
		335666BE2C4F92EB00100C0E /* MyWorldAppUITests */ = {
			isa = PBXGroup;
			children = (
				335666BF2C4F92EB00100C0E /* MyWorldAppUITests.swift */,
				335666C12C4F92EB00100C0E /* MyWorldAppUITestsLaunchTests.swift */,
			);
			path = MyWorldAppUITests;
			sourceTree = "<group>";
		};
		335666D12C4F941500100C0E /* Login */ = {
			isa = PBXGroup;
			children = (
				A90C35472C67D02500FCE186 /* kakaoAuthVM.swift */,
				A90C35482C67D02500FCE186 /* LoginView.swift */,
				A90C35452C67D02500FCE186 /* SignUpView.swift */,
				A90C35462C67D02500FCE186 /* SIgnUpViewController.swift */,
				A90C35492C67D02500FCE186 /* UserInfoViewController.swift */,
				335666E22C4F973400100C0E /* LoginViewController.swift */,
			);
			path = Login;
			sourceTree = "<group>";
		};
		335666D22C4F943200100C0E /* World */ = {
			isa = PBXGroup;
			children = (
				335666D92C4F96B600100C0E /* WorldViewController.swift */,
			);
			path = World;
			sourceTree = "<group>";
		};
		335666D32C4F94EA00100C0E /* My Log */ = {
			isa = PBXGroup;
			children = (
				335667762C609D9800100C0E /* LogViewController.swift */,
				335667812C60AEE500100C0E /* Write Log */,
				335667802C60AEB300100C0E /* Start Log */,
			);
			path = "My Log";
			sourceTree = "<group>";
		};
		335666D42C4F951F00100C0E /* Search */ = {
			isa = PBXGroup;
			children = (
				335666DD2C4F970200100C0E /* SearchViewController.swift */,
			);
			path = Search;
			sourceTree = "<group>";
		};
		335666D52C4F952800100C0E /* My Page */ = {
			isa = PBXGroup;
			children = (
				335666DF2C4F971500100C0E /* MyPageViewController.swift */,
			);
			path = "My Page";
			sourceTree = "<group>";
		};
		335666D62C4F953800100C0E /* Button */ = {
			isa = PBXGroup;
			children = (
				335666D72C4F965700100C0E /* TabBar.swift */,
				3356676D2C5CCE0900100C0E /* CustomNavigationBar.swift */,
				335667742C609AE400100C0E /* LogStartNavigationBar.swift */,
			);
			path = Button;
			sourceTree = "<group>";
		};
		3356677D2C60A42C00100C0E /* Function */ = {
			isa = PBXGroup;
			children = (
				3356677B2C60A42100100C0E /* Back.swift */,
			);
			path = Function;
			sourceTree = "<group>";
		};
		335667802C60AEB300100C0E /* Start Log */ = {
			isa = PBXGroup;
			children = (
				3356677E2C60A4E000100C0E /* StartLogViewController.swift */,
				335666DB2C4F96F200100C0E /* MyLogViewController.swift */,
				335666E42C5254C300100C0E /* PuzzleViewCell.swift */,
				335667632C5765BF00100C0E /* PuzzleItem.swift */,
				33A14FDD2C68A3AF001B6FA1 /* LogSearchItem.swift */,
				33A14FDF2C68A681001B6FA1 /* LogSearchResultsViewController.swift */,
			);
			path = "Start Log";
			sourceTree = "<group>";
		};
		335667812C60AEE500100C0E /* Write Log */ = {
			isa = PBXGroup;
			children = (
				335667672C5CBE5700100C0E /* PhotoLogViewController.swift */,
				335667692C5CBE6900100C0E /* VideoLogViewController.swift */,
				3356676B2C5CBE8100100C0E /* MemoLogViewController.swift */,
			);
			path = "Write Log";
			sourceTree = "<group>";
		};
		335667842C66146B00100C0E /* Alamofire */ = {
			isa = PBXGroup;
			children = (
				335667872C66152200100C0E /* NetworkManager.swift */,
			);
			path = Alamofire;
			sourceTree = "<group>";
		};
/* End PBXGroup section */

/* Begin PBXNativeTarget section */
		3356669A2C4F92E800100C0E /* MyWorldApp */ = {
			isa = PBXNativeTarget;
			buildConfigurationList = 335666C52C4F92EB00100C0E /* Build configuration list for PBXNativeTarget "MyWorldApp" */;
			buildPhases = (
				335666972C4F92E800100C0E /* Sources */,
				335666982C4F92E800100C0E /* Frameworks */,
				335666992C4F92E800100C0E /* Resources */,
			);
			buildRules = (
			);
			dependencies = (
			);
			name = MyWorldApp;
			packageProductDependencies = (
				335666CF2C4F937400100C0E /* SnapKit */,
				335667792C60A1E900100C0E /* Alamofire */,
				A9596B4D2C67CD2600950E12 /* FirebaseAnalytics */,
				A9596B4F2C67CD2600950E12 /* FirebaseAnalyticsOnDeviceConversion */,
				A9596B512C67CD2600950E12 /* FirebaseAnalyticsWithoutAdIdSupport */,
				A9596B532C67CD2600950E12 /* FirebaseAppCheck */,
				A9596B552C67CD2600950E12 /* FirebaseAppDistribution-Beta */,
				A9596B572C67CD2600950E12 /* FirebaseAuth */,
				A9596B592C67CD2600950E12 /* FirebaseAuthCombine-Community */,
				A9596B5B2C67CD2600950E12 /* FirebaseCrashlytics */,
				A9596B5D2C67CD2600950E12 /* FirebaseDatabase */,
				A9596B5F2C67CD2600950E12 /* FirebaseDynamicLinks */,
				A9596B612C67CD2600950E12 /* FirebaseFirestore */,
				A9596B632C67CD2600950E12 /* FirebaseFirestoreCombine-Community */,
				A9596B652C67CD2600950E12 /* FirebaseFunctions */,
				A9596B672C67CD2600950E12 /* FirebaseFunctionsCombine-Community */,
				A9596B692C67CD2600950E12 /* FirebaseInAppMessaging-Beta */,
				A9596B6B2C67CD2600950E12 /* FirebaseInstallations */,
				A9596B6D2C67CD2600950E12 /* FirebaseMLModelDownloader */,
				A9596B6F2C67CD2600950E12 /* FirebaseMessaging */,
				A9596B712C67CD2600950E12 /* FirebasePerformance */,
				A9596B732C67CD2600950E12 /* FirebaseRemoteConfig */,
				A9596B752C67CD2600950E12 /* FirebaseStorage */,
				A9596B772C67CD2600950E12 /* FirebaseStorageCombine-Community */,
				A9596B792C67CD2600950E12 /* FirebaseVertexAI-Preview */,
				A9596B7C2C67CD3900950E12 /* SwiftyJSON */,
				A9596B7F2C67CD5B00950E12 /* KakaoSDK */,
				A9596B812C67CD5B00950E12 /* KakaoSDKAuth */,
				A9596B832C67CD5B00950E12 /* KakaoSDKCert */,
				A9596B852C67CD5B00950E12 /* KakaoSDKCertCore */,
				A9596B872C67CD5B00950E12 /* KakaoSDKCommon */,
				A9596B892C67CD5B00950E12 /* KakaoSDKFriend */,
				A9596B8B2C67CD5B00950E12 /* KakaoSDKFriendCore */,
				A9596B8D2C67CD5B00950E12 /* KakaoSDKNavi */,
				A9596B8F2C67CD5B00950E12 /* KakaoSDKShare */,
				A9596B912C67CD5B00950E12 /* KakaoSDKTalk */,
				A9596B932C67CD5B00950E12 /* KakaoSDKTemplate */,
				A9596B952C67CD5B00950E12 /* KakaoSDKUser */,
			);
			productName = MyWorldApp;
			productReference = 3356669B2C4F92E800100C0E /* MyWorldApp.app */;
			productType = "com.apple.product-type.application";
		};
		335666B02C4F92EB00100C0E /* MyWorldAppTests */ = {
			isa = PBXNativeTarget;
			buildConfigurationList = 335666C82C4F92EB00100C0E /* Build configuration list for PBXNativeTarget "MyWorldAppTests" */;
			buildPhases = (
				335666AD2C4F92EB00100C0E /* Sources */,
				335666AE2C4F92EB00100C0E /* Frameworks */,
				335666AF2C4F92EB00100C0E /* Resources */,
			);
			buildRules = (
			);
			dependencies = (
				335666B32C4F92EB00100C0E /* PBXTargetDependency */,
			);
			name = MyWorldAppTests;
			productName = MyWorldAppTests;
			productReference = 335666B12C4F92EB00100C0E /* MyWorldAppTests.xctest */;
			productType = "com.apple.product-type.bundle.unit-test";
		};
		335666BA2C4F92EB00100C0E /* MyWorldAppUITests */ = {
			isa = PBXNativeTarget;
			buildConfigurationList = 335666CB2C4F92EB00100C0E /* Build configuration list for PBXNativeTarget "MyWorldAppUITests" */;
			buildPhases = (
				335666B72C4F92EB00100C0E /* Sources */,
				335666B82C4F92EB00100C0E /* Frameworks */,
				335666B92C4F92EB00100C0E /* Resources */,
			);
			buildRules = (
			);
			dependencies = (
				335666BD2C4F92EB00100C0E /* PBXTargetDependency */,
			);
			name = MyWorldAppUITests;
			productName = MyWorldAppUITests;
			productReference = 335666BB2C4F92EB00100C0E /* MyWorldAppUITests.xctest */;
			productType = "com.apple.product-type.bundle.ui-testing";
		};
/* End PBXNativeTarget section */

/* Begin PBXProject section */
		335666932C4F92E800100C0E /* Project object */ = {
			isa = PBXProject;
			attributes = {
				BuildIndependentTargetsInParallel = 1;
				LastSwiftUpdateCheck = 1510;
				LastUpgradeCheck = 1510;
				TargetAttributes = {
					3356669A2C4F92E800100C0E = {
						CreatedOnToolsVersion = 15.1;
					};
					335666B02C4F92EB00100C0E = {
						CreatedOnToolsVersion = 15.1;
						TestTargetID = 3356669A2C4F92E800100C0E;
					};
					335666BA2C4F92EB00100C0E = {
						CreatedOnToolsVersion = 15.1;
						TestTargetID = 3356669A2C4F92E800100C0E;
					};
				};
			};
			buildConfigurationList = 335666962C4F92E800100C0E /* Build configuration list for PBXProject "MyWorldApp" */;
			compatibilityVersion = "Xcode 15.0";
			developmentRegion = en;
			hasScannedForEncodings = 0;
			knownRegions = (
				en,
				Base,
			);
			mainGroup = 335666922C4F92E800100C0E;
			packageReferences = (
				335666CE2C4F937400100C0E /* XCRemoteSwiftPackageReference "SnapKit" */,
				335667782C60A1E900100C0E /* XCRemoteSwiftPackageReference "Alamofire" */,
				A9596B4C2C67CD2600950E12 /* XCRemoteSwiftPackageReference "firebase-ios-sdk" */,
				A9596B7B2C67CD3900950E12 /* XCRemoteSwiftPackageReference "SwiftyJSON" */,
				A9596B7E2C67CD5B00950E12 /* XCRemoteSwiftPackageReference "kakao-ios-sdk" */,
			);
			productRefGroup = 3356669C2C4F92E800100C0E /* Products */;
			projectDirPath = "";
			projectRoot = "";
			targets = (
				3356669A2C4F92E800100C0E /* MyWorldApp */,
				335666B02C4F92EB00100C0E /* MyWorldAppTests */,
				335666BA2C4F92EB00100C0E /* MyWorldAppUITests */,
			);
		};
/* End PBXProject section */

/* Begin PBXResourcesBuildPhase section */
		335666992C4F92E800100C0E /* Resources */ = {
			isa = PBXResourcesBuildPhase;
			buildActionMask = 2147483647;
			files = (
				335666AB2C4F92EA00100C0E /* LaunchScreen.storyboard in Resources */,
				335666A82C4F92EA00100C0E /* Assets.xcassets in Resources */,
			);
			runOnlyForDeploymentPostprocessing = 0;
		};
		335666AF2C4F92EB00100C0E /* Resources */ = {
			isa = PBXResourcesBuildPhase;
			buildActionMask = 2147483647;
			files = (
			);
			runOnlyForDeploymentPostprocessing = 0;
		};
		335666B92C4F92EB00100C0E /* Resources */ = {
			isa = PBXResourcesBuildPhase;
			buildActionMask = 2147483647;
			files = (
			);
			runOnlyForDeploymentPostprocessing = 0;
		};
/* End PBXResourcesBuildPhase section */

/* Begin PBXSourcesBuildPhase section */
		335666972C4F92E800100C0E /* Sources */ = {
			isa = PBXSourcesBuildPhase;
			buildActionMask = 2147483647;
			files = (
				335666E32C4F973400100C0E /* LoginViewController.swift in Sources */,
				A90C354E2C67D02600FCE186 /* UserInfoViewController.swift in Sources */,
				335666DE2C4F970200100C0E /* SearchViewController.swift in Sources */,
				A90C354B2C67D02600FCE186 /* SIgnUpViewController.swift in Sources */,
				335666DC2C4F96F200100C0E /* MyLogViewController.swift in Sources */,
				A90C354D2C67D02600FCE186 /* LoginView.swift in Sources */,
				A90C354C2C67D02600FCE186 /* kakaoAuthVM.swift in Sources */,
				335667772C609D9800100C0E /* LogViewController.swift in Sources */,
				3356669F2C4F92E800100C0E /* AppDelegate.swift in Sources */,
				335667682C5CBE5700100C0E /* PhotoLogViewController.swift in Sources */,
				3356677F2C60A4E000100C0E /* StartLogViewController.swift in Sources */,
				335667752C609AE400100C0E /* LogStartNavigationBar.swift in Sources */,
				335666A12C4F92E800100C0E /* SceneDelegate.swift in Sources */,
				33A14FDE2C68A3AF001B6FA1 /* LogSearchItem.swift in Sources */,
				3356676E2C5CCE0900100C0E /* CustomNavigationBar.swift in Sources */,
				335666DA2C4F96B600100C0E /* WorldViewController.swift in Sources */,
				335666E52C5254C300100C0E /* PuzzleViewCell.swift in Sources */,
				335666D82C4F965700100C0E /* TabBar.swift in Sources */,
				33A14FE02C68A681001B6FA1 /* LogSearchResultsViewController.swift in Sources */,
				3356677C2C60A42100100C0E /* Back.swift in Sources */,
				335667642C5765BF00100C0E /* PuzzleItem.swift in Sources */,
				335666E02C4F971500100C0E /* MyPageViewController.swift in Sources */,
				A90C354A2C67D02500FCE186 /* SignUpView.swift in Sources */,
				3356676C2C5CBE8100100C0E /* MemoLogViewController.swift in Sources */,
				335667882C66152200100C0E /* NetworkManager.swift in Sources */,
				3356676A2C5CBE6900100C0E /* VideoLogViewController.swift in Sources */,
			);
			runOnlyForDeploymentPostprocessing = 0;
		};
		335666AD2C4F92EB00100C0E /* Sources */ = {
			isa = PBXSourcesBuildPhase;
			buildActionMask = 2147483647;
			files = (
				335666B62C4F92EB00100C0E /* MyWorldAppTests.swift in Sources */,
			);
			runOnlyForDeploymentPostprocessing = 0;
		};
		335666B72C4F92EB00100C0E /* Sources */ = {
			isa = PBXSourcesBuildPhase;
			buildActionMask = 2147483647;
			files = (
				335666C02C4F92EB00100C0E /* MyWorldAppUITests.swift in Sources */,
				335666C22C4F92EB00100C0E /* MyWorldAppUITestsLaunchTests.swift in Sources */,
			);
			runOnlyForDeploymentPostprocessing = 0;
		};
/* End PBXSourcesBuildPhase section */

/* Begin PBXTargetDependency section */
		335666B32C4F92EB00100C0E /* PBXTargetDependency */ = {
			isa = PBXTargetDependency;
			target = 3356669A2C4F92E800100C0E /* MyWorldApp */;
			targetProxy = 335666B22C4F92EB00100C0E /* PBXContainerItemProxy */;
		};
		335666BD2C4F92EB00100C0E /* PBXTargetDependency */ = {
			isa = PBXTargetDependency;
			target = 3356669A2C4F92E800100C0E /* MyWorldApp */;
			targetProxy = 335666BC2C4F92EB00100C0E /* PBXContainerItemProxy */;
		};
/* End PBXTargetDependency section */

/* Begin PBXVariantGroup section */
		335666A92C4F92EA00100C0E /* LaunchScreen.storyboard */ = {
			isa = PBXVariantGroup;
			children = (
				335666AA2C4F92EA00100C0E /* Base */,
			);
			name = LaunchScreen.storyboard;
			sourceTree = "<group>";
		};
/* End PBXVariantGroup section */

/* Begin XCBuildConfiguration section */
		335666C32C4F92EB00100C0E /* Debug */ = {
			isa = XCBuildConfiguration;
			buildSettings = {
				ALWAYS_SEARCH_USER_PATHS = NO;
				ASSETCATALOG_COMPILER_GENERATE_SWIFT_ASSET_SYMBOL_EXTENSIONS = YES;
				CLANG_ANALYZER_NONNULL = YES;
				CLANG_ANALYZER_NUMBER_OBJECT_CONVERSION = YES_AGGRESSIVE;
				CLANG_CXX_LANGUAGE_STANDARD = "gnu++20";
				CLANG_ENABLE_MODULES = YES;
				CLANG_ENABLE_OBJC_ARC = YES;
				CLANG_ENABLE_OBJC_WEAK = YES;
				CLANG_WARN_BLOCK_CAPTURE_AUTORELEASING = YES;
				CLANG_WARN_BOOL_CONVERSION = YES;
				CLANG_WARN_COMMA = YES;
				CLANG_WARN_CONSTANT_CONVERSION = YES;
				CLANG_WARN_DEPRECATED_OBJC_IMPLEMENTATIONS = YES;
				CLANG_WARN_DIRECT_OBJC_ISA_USAGE = YES_ERROR;
				CLANG_WARN_DOCUMENTATION_COMMENTS = YES;
				CLANG_WARN_EMPTY_BODY = YES;
				CLANG_WARN_ENUM_CONVERSION = YES;
				CLANG_WARN_INFINITE_RECURSION = YES;
				CLANG_WARN_INT_CONVERSION = YES;
				CLANG_WARN_NON_LITERAL_NULL_CONVERSION = YES;
				CLANG_WARN_OBJC_IMPLICIT_RETAIN_SELF = YES;
				CLANG_WARN_OBJC_LITERAL_CONVERSION = YES;
				CLANG_WARN_OBJC_ROOT_CLASS = YES_ERROR;
				CLANG_WARN_QUOTED_INCLUDE_IN_FRAMEWORK_HEADER = YES;
				CLANG_WARN_RANGE_LOOP_ANALYSIS = YES;
				CLANG_WARN_STRICT_PROTOTYPES = YES;
				CLANG_WARN_SUSPICIOUS_MOVE = YES;
				CLANG_WARN_UNGUARDED_AVAILABILITY = YES_AGGRESSIVE;
				CLANG_WARN_UNREACHABLE_CODE = YES;
				CLANG_WARN__DUPLICATE_METHOD_MATCH = YES;
				COPY_PHASE_STRIP = NO;
				DEBUG_INFORMATION_FORMAT = dwarf;
				ENABLE_STRICT_OBJC_MSGSEND = YES;
				ENABLE_TESTABILITY = YES;
				ENABLE_USER_SCRIPT_SANDBOXING = YES;
				GCC_C_LANGUAGE_STANDARD = gnu17;
				GCC_DYNAMIC_NO_PIC = NO;
				GCC_NO_COMMON_BLOCKS = YES;
				GCC_OPTIMIZATION_LEVEL = 0;
				GCC_PREPROCESSOR_DEFINITIONS = (
					"DEBUG=1",
					"$(inherited)",
				);
				GCC_WARN_64_TO_32_BIT_CONVERSION = YES;
				GCC_WARN_ABOUT_RETURN_TYPE = YES_ERROR;
				GCC_WARN_UNDECLARED_SELECTOR = YES;
				GCC_WARN_UNINITIALIZED_AUTOS = YES_AGGRESSIVE;
				GCC_WARN_UNUSED_FUNCTION = YES;
				GCC_WARN_UNUSED_VARIABLE = YES;
				IPHONEOS_DEPLOYMENT_TARGET = 17.2;
				LOCALIZATION_PREFERS_STRING_CATALOGS = YES;
				MTL_ENABLE_DEBUG_INFO = INCLUDE_SOURCE;
				MTL_FAST_MATH = YES;
				ONLY_ACTIVE_ARCH = YES;
				SDKROOT = iphoneos;
				SWIFT_ACTIVE_COMPILATION_CONDITIONS = "DEBUG $(inherited)";
				SWIFT_OPTIMIZATION_LEVEL = "-Onone";
			};
			name = Debug;
		};
		335666C42C4F92EB00100C0E /* Release */ = {
			isa = XCBuildConfiguration;
			buildSettings = {
				ALWAYS_SEARCH_USER_PATHS = NO;
				ASSETCATALOG_COMPILER_GENERATE_SWIFT_ASSET_SYMBOL_EXTENSIONS = YES;
				CLANG_ANALYZER_NONNULL = YES;
				CLANG_ANALYZER_NUMBER_OBJECT_CONVERSION = YES_AGGRESSIVE;
				CLANG_CXX_LANGUAGE_STANDARD = "gnu++20";
				CLANG_ENABLE_MODULES = YES;
				CLANG_ENABLE_OBJC_ARC = YES;
				CLANG_ENABLE_OBJC_WEAK = YES;
				CLANG_WARN_BLOCK_CAPTURE_AUTORELEASING = YES;
				CLANG_WARN_BOOL_CONVERSION = YES;
				CLANG_WARN_COMMA = YES;
				CLANG_WARN_CONSTANT_CONVERSION = YES;
				CLANG_WARN_DEPRECATED_OBJC_IMPLEMENTATIONS = YES;
				CLANG_WARN_DIRECT_OBJC_ISA_USAGE = YES_ERROR;
				CLANG_WARN_DOCUMENTATION_COMMENTS = YES;
				CLANG_WARN_EMPTY_BODY = YES;
				CLANG_WARN_ENUM_CONVERSION = YES;
				CLANG_WARN_INFINITE_RECURSION = YES;
				CLANG_WARN_INT_CONVERSION = YES;
				CLANG_WARN_NON_LITERAL_NULL_CONVERSION = YES;
				CLANG_WARN_OBJC_IMPLICIT_RETAIN_SELF = YES;
				CLANG_WARN_OBJC_LITERAL_CONVERSION = YES;
				CLANG_WARN_OBJC_ROOT_CLASS = YES_ERROR;
				CLANG_WARN_QUOTED_INCLUDE_IN_FRAMEWORK_HEADER = YES;
				CLANG_WARN_RANGE_LOOP_ANALYSIS = YES;
				CLANG_WARN_STRICT_PROTOTYPES = YES;
				CLANG_WARN_SUSPICIOUS_MOVE = YES;
				CLANG_WARN_UNGUARDED_AVAILABILITY = YES_AGGRESSIVE;
				CLANG_WARN_UNREACHABLE_CODE = YES;
				CLANG_WARN__DUPLICATE_METHOD_MATCH = YES;
				COPY_PHASE_STRIP = NO;
				DEBUG_INFORMATION_FORMAT = "dwarf-with-dsym";
				ENABLE_NS_ASSERTIONS = NO;
				ENABLE_STRICT_OBJC_MSGSEND = YES;
				ENABLE_USER_SCRIPT_SANDBOXING = YES;
				GCC_C_LANGUAGE_STANDARD = gnu17;
				GCC_NO_COMMON_BLOCKS = YES;
				GCC_WARN_64_TO_32_BIT_CONVERSION = YES;
				GCC_WARN_ABOUT_RETURN_TYPE = YES_ERROR;
				GCC_WARN_UNDECLARED_SELECTOR = YES;
				GCC_WARN_UNINITIALIZED_AUTOS = YES_AGGRESSIVE;
				GCC_WARN_UNUSED_FUNCTION = YES;
				GCC_WARN_UNUSED_VARIABLE = YES;
				IPHONEOS_DEPLOYMENT_TARGET = 17.2;
				LOCALIZATION_PREFERS_STRING_CATALOGS = YES;
				MTL_ENABLE_DEBUG_INFO = NO;
				MTL_FAST_MATH = YES;
				SDKROOT = iphoneos;
				SWIFT_COMPILATION_MODE = wholemodule;
				VALIDATE_PRODUCT = YES;
			};
			name = Release;
		};
		335666C62C4F92EB00100C0E /* Debug */ = {
			isa = XCBuildConfiguration;
			buildSettings = {
				ASSETCATALOG_COMPILER_APPICON_NAME = AppIcon;
				ASSETCATALOG_COMPILER_GLOBAL_ACCENT_COLOR_NAME = AccentColor;
				CODE_SIGN_STYLE = Automatic;
				CURRENT_PROJECT_VERSION = 1;
				GENERATE_INFOPLIST_FILE = YES;
				INFOPLIST_FILE = MyWorldApp/Info.plist;
				INFOPLIST_KEY_UIApplicationSupportsIndirectInputEvents = YES;
				INFOPLIST_KEY_UILaunchStoryboardName = LaunchScreen;
				INFOPLIST_KEY_UISupportedInterfaceOrientations_iPad = "UIInterfaceOrientationPortrait UIInterfaceOrientationPortraitUpsideDown UIInterfaceOrientationLandscapeLeft UIInterfaceOrientationLandscapeRight";
				INFOPLIST_KEY_UISupportedInterfaceOrientations_iPhone = "UIInterfaceOrientationPortrait UIInterfaceOrientationLandscapeLeft UIInterfaceOrientationLandscapeRight";
				LD_RUNPATH_SEARCH_PATHS = (
					"$(inherited)",
					"@executable_path/Frameworks",
				);
				MARKETING_VERSION = 1.0;
				PRODUCT_BUNDLE_IDENTIFIER = url.MyWorldApp;
				PRODUCT_NAME = "$(TARGET_NAME)";
				SWIFT_EMIT_LOC_STRINGS = YES;
				SWIFT_VERSION = 5.0;
				TARGETED_DEVICE_FAMILY = "1,2";
			};
			name = Debug;
		};
		335666C72C4F92EB00100C0E /* Release */ = {
			isa = XCBuildConfiguration;
			buildSettings = {
				ASSETCATALOG_COMPILER_APPICON_NAME = AppIcon;
				ASSETCATALOG_COMPILER_GLOBAL_ACCENT_COLOR_NAME = AccentColor;
				CODE_SIGN_STYLE = Automatic;
				CURRENT_PROJECT_VERSION = 1;
				GENERATE_INFOPLIST_FILE = YES;
				INFOPLIST_FILE = MyWorldApp/Info.plist;
				INFOPLIST_KEY_UIApplicationSupportsIndirectInputEvents = YES;
				INFOPLIST_KEY_UILaunchStoryboardName = LaunchScreen;
				INFOPLIST_KEY_UISupportedInterfaceOrientations_iPad = "UIInterfaceOrientationPortrait UIInterfaceOrientationPortraitUpsideDown UIInterfaceOrientationLandscapeLeft UIInterfaceOrientationLandscapeRight";
				INFOPLIST_KEY_UISupportedInterfaceOrientations_iPhone = "UIInterfaceOrientationPortrait UIInterfaceOrientationLandscapeLeft UIInterfaceOrientationLandscapeRight";
				LD_RUNPATH_SEARCH_PATHS = (
					"$(inherited)",
					"@executable_path/Frameworks",
				);
				MARKETING_VERSION = 1.0;
				PRODUCT_BUNDLE_IDENTIFIER = url.MyWorldApp;
				PRODUCT_NAME = "$(TARGET_NAME)";
				SWIFT_EMIT_LOC_STRINGS = YES;
				SWIFT_VERSION = 5.0;
				TARGETED_DEVICE_FAMILY = "1,2";
			};
			name = Release;
		};
		335666C92C4F92EB00100C0E /* Debug */ = {
			isa = XCBuildConfiguration;
			buildSettings = {
				ALWAYS_EMBED_SWIFT_STANDARD_LIBRARIES = YES;
				BUNDLE_LOADER = "$(TEST_HOST)";
				CODE_SIGN_STYLE = Automatic;
				CURRENT_PROJECT_VERSION = 1;
				GENERATE_INFOPLIST_FILE = YES;
				IPHONEOS_DEPLOYMENT_TARGET = 17.2;
				MARKETING_VERSION = 1.0;
				PRODUCT_BUNDLE_IDENTIFIER = url.MyWorldAppTests;
				PRODUCT_NAME = "$(TARGET_NAME)";
				SWIFT_EMIT_LOC_STRINGS = NO;
				SWIFT_VERSION = 5.0;
				TARGETED_DEVICE_FAMILY = "1,2";
				TEST_HOST = "$(BUILT_PRODUCTS_DIR)/MyWorldApp.app/$(BUNDLE_EXECUTABLE_FOLDER_PATH)/MyWorldApp";
			};
			name = Debug;
		};
		335666CA2C4F92EB00100C0E /* Release */ = {
			isa = XCBuildConfiguration;
			buildSettings = {
				ALWAYS_EMBED_SWIFT_STANDARD_LIBRARIES = YES;
				BUNDLE_LOADER = "$(TEST_HOST)";
				CODE_SIGN_STYLE = Automatic;
				CURRENT_PROJECT_VERSION = 1;
				GENERATE_INFOPLIST_FILE = YES;
				IPHONEOS_DEPLOYMENT_TARGET = 17.2;
				MARKETING_VERSION = 1.0;
				PRODUCT_BUNDLE_IDENTIFIER = url.MyWorldAppTests;
				PRODUCT_NAME = "$(TARGET_NAME)";
				SWIFT_EMIT_LOC_STRINGS = NO;
				SWIFT_VERSION = 5.0;
				TARGETED_DEVICE_FAMILY = "1,2";
				TEST_HOST = "$(BUILT_PRODUCTS_DIR)/MyWorldApp.app/$(BUNDLE_EXECUTABLE_FOLDER_PATH)/MyWorldApp";
			};
			name = Release;
		};
		335666CC2C4F92EB00100C0E /* Debug */ = {
			isa = XCBuildConfiguration;
			buildSettings = {
				ALWAYS_EMBED_SWIFT_STANDARD_LIBRARIES = YES;
				CODE_SIGN_STYLE = Automatic;
				CURRENT_PROJECT_VERSION = 1;
				GENERATE_INFOPLIST_FILE = YES;
				MARKETING_VERSION = 1.0;
				PRODUCT_BUNDLE_IDENTIFIER = url.MyWorldAppUITests;
				PRODUCT_NAME = "$(TARGET_NAME)";
				SWIFT_EMIT_LOC_STRINGS = NO;
				SWIFT_VERSION = 5.0;
				TARGETED_DEVICE_FAMILY = "1,2";
				TEST_TARGET_NAME = MyWorldApp;
			};
			name = Debug;
		};
		335666CD2C4F92EB00100C0E /* Release */ = {
			isa = XCBuildConfiguration;
			buildSettings = {
				ALWAYS_EMBED_SWIFT_STANDARD_LIBRARIES = YES;
				CODE_SIGN_STYLE = Automatic;
				CURRENT_PROJECT_VERSION = 1;
				GENERATE_INFOPLIST_FILE = YES;
				MARKETING_VERSION = 1.0;
				PRODUCT_BUNDLE_IDENTIFIER = url.MyWorldAppUITests;
				PRODUCT_NAME = "$(TARGET_NAME)";
				SWIFT_EMIT_LOC_STRINGS = NO;
				SWIFT_VERSION = 5.0;
				TARGETED_DEVICE_FAMILY = "1,2";
				TEST_TARGET_NAME = MyWorldApp;
			};
			name = Release;
		};
/* End XCBuildConfiguration section */

/* Begin XCConfigurationList section */
		335666962C4F92E800100C0E /* Build configuration list for PBXProject "MyWorldApp" */ = {
			isa = XCConfigurationList;
			buildConfigurations = (
				335666C32C4F92EB00100C0E /* Debug */,
				335666C42C4F92EB00100C0E /* Release */,
			);
			defaultConfigurationIsVisible = 0;
			defaultConfigurationName = Release;
		};
		335666C52C4F92EB00100C0E /* Build configuration list for PBXNativeTarget "MyWorldApp" */ = {
			isa = XCConfigurationList;
			buildConfigurations = (
				335666C62C4F92EB00100C0E /* Debug */,
				335666C72C4F92EB00100C0E /* Release */,
			);
			defaultConfigurationIsVisible = 0;
			defaultConfigurationName = Release;
		};
		335666C82C4F92EB00100C0E /* Build configuration list for PBXNativeTarget "MyWorldAppTests" */ = {
			isa = XCConfigurationList;
			buildConfigurations = (
				335666C92C4F92EB00100C0E /* Debug */,
				335666CA2C4F92EB00100C0E /* Release */,
			);
			defaultConfigurationIsVisible = 0;
			defaultConfigurationName = Release;
		};
		335666CB2C4F92EB00100C0E /* Build configuration list for PBXNativeTarget "MyWorldAppUITests" */ = {
			isa = XCConfigurationList;
			buildConfigurations = (
				335666CC2C4F92EB00100C0E /* Debug */,
				335666CD2C4F92EB00100C0E /* Release */,
			);
			defaultConfigurationIsVisible = 0;
			defaultConfigurationName = Release;
		};
/* End XCConfigurationList section */

/* Begin XCRemoteSwiftPackageReference section */
		335666CE2C4F937400100C0E /* XCRemoteSwiftPackageReference "SnapKit" */ = {
			isa = XCRemoteSwiftPackageReference;
			repositoryURL = "https://github.com/SnapKit/SnapKit";
			requirement = {
				kind = upToNextMajorVersion;
				minimumVersion = 5.7.1;
			};
		};
		335667782C60A1E900100C0E /* XCRemoteSwiftPackageReference "Alamofire" */ = {
			isa = XCRemoteSwiftPackageReference;
			repositoryURL = "https://github.com/Alamofire/Alamofire";
			requirement = {
				kind = upToNextMajorVersion;
				minimumVersion = 5.9.1;
			};
		};
		A9596B4C2C67CD2600950E12 /* XCRemoteSwiftPackageReference "firebase-ios-sdk" */ = {
			isa = XCRemoteSwiftPackageReference;
			repositoryURL = "https://github.com/firebase/firebase-ios-sdk";
			requirement = {
				kind = upToNextMajorVersion;
				minimumVersion = 11.0.0;
			};
		};
		A9596B7B2C67CD3900950E12 /* XCRemoteSwiftPackageReference "SwiftyJSON" */ = {
			isa = XCRemoteSwiftPackageReference;
			repositoryURL = "https://github.com/SwiftyJSON/SwiftyJSON.git";
			requirement = {
				kind = upToNextMajorVersion;
				minimumVersion = 5.0.2;
			};
		};
		A9596B7E2C67CD5B00950E12 /* XCRemoteSwiftPackageReference "kakao-ios-sdk" */ = {
			isa = XCRemoteSwiftPackageReference;
			repositoryURL = "https://github.com/kakao/kakao-ios-sdk";
			requirement = {
				kind = upToNextMajorVersion;
				minimumVersion = 2.22.5;
			};
		};
/* End XCRemoteSwiftPackageReference section */

/* Begin XCSwiftPackageProductDependency section */
		335666CF2C4F937400100C0E /* SnapKit */ = {
			isa = XCSwiftPackageProductDependency;
			package = 335666CE2C4F937400100C0E /* XCRemoteSwiftPackageReference "SnapKit" */;
			productName = SnapKit;
		};
		335667792C60A1E900100C0E /* Alamofire */ = {
			isa = XCSwiftPackageProductDependency;
			package = 335667782C60A1E900100C0E /* XCRemoteSwiftPackageReference "Alamofire" */;
			productName = Alamofire;
		};
		A9596B4D2C67CD2600950E12 /* FirebaseAnalytics */ = {
			isa = XCSwiftPackageProductDependency;
			package = A9596B4C2C67CD2600950E12 /* XCRemoteSwiftPackageReference "firebase-ios-sdk" */;
			productName = FirebaseAnalytics;
		};
		A9596B4F2C67CD2600950E12 /* FirebaseAnalyticsOnDeviceConversion */ = {
			isa = XCSwiftPackageProductDependency;
			package = A9596B4C2C67CD2600950E12 /* XCRemoteSwiftPackageReference "firebase-ios-sdk" */;
			productName = FirebaseAnalyticsOnDeviceConversion;
		};
		A9596B512C67CD2600950E12 /* FirebaseAnalyticsWithoutAdIdSupport */ = {
			isa = XCSwiftPackageProductDependency;
			package = A9596B4C2C67CD2600950E12 /* XCRemoteSwiftPackageReference "firebase-ios-sdk" */;
			productName = FirebaseAnalyticsWithoutAdIdSupport;
		};
		A9596B532C67CD2600950E12 /* FirebaseAppCheck */ = {
			isa = XCSwiftPackageProductDependency;
			package = A9596B4C2C67CD2600950E12 /* XCRemoteSwiftPackageReference "firebase-ios-sdk" */;
			productName = FirebaseAppCheck;
		};
		A9596B552C67CD2600950E12 /* FirebaseAppDistribution-Beta */ = {
			isa = XCSwiftPackageProductDependency;
			package = A9596B4C2C67CD2600950E12 /* XCRemoteSwiftPackageReference "firebase-ios-sdk" */;
			productName = "FirebaseAppDistribution-Beta";
		};
		A9596B572C67CD2600950E12 /* FirebaseAuth */ = {
			isa = XCSwiftPackageProductDependency;
			package = A9596B4C2C67CD2600950E12 /* XCRemoteSwiftPackageReference "firebase-ios-sdk" */;
			productName = FirebaseAuth;
		};
		A9596B592C67CD2600950E12 /* FirebaseAuthCombine-Community */ = {
			isa = XCSwiftPackageProductDependency;
			package = A9596B4C2C67CD2600950E12 /* XCRemoteSwiftPackageReference "firebase-ios-sdk" */;
			productName = "FirebaseAuthCombine-Community";
		};
		A9596B5B2C67CD2600950E12 /* FirebaseCrashlytics */ = {
			isa = XCSwiftPackageProductDependency;
			package = A9596B4C2C67CD2600950E12 /* XCRemoteSwiftPackageReference "firebase-ios-sdk" */;
			productName = FirebaseCrashlytics;
		};
		A9596B5D2C67CD2600950E12 /* FirebaseDatabase */ = {
			isa = XCSwiftPackageProductDependency;
			package = A9596B4C2C67CD2600950E12 /* XCRemoteSwiftPackageReference "firebase-ios-sdk" */;
			productName = FirebaseDatabase;
		};
		A9596B5F2C67CD2600950E12 /* FirebaseDynamicLinks */ = {
			isa = XCSwiftPackageProductDependency;
			package = A9596B4C2C67CD2600950E12 /* XCRemoteSwiftPackageReference "firebase-ios-sdk" */;
			productName = FirebaseDynamicLinks;
		};
		A9596B612C67CD2600950E12 /* FirebaseFirestore */ = {
			isa = XCSwiftPackageProductDependency;
			package = A9596B4C2C67CD2600950E12 /* XCRemoteSwiftPackageReference "firebase-ios-sdk" */;
			productName = FirebaseFirestore;
		};
		A9596B632C67CD2600950E12 /* FirebaseFirestoreCombine-Community */ = {
			isa = XCSwiftPackageProductDependency;
			package = A9596B4C2C67CD2600950E12 /* XCRemoteSwiftPackageReference "firebase-ios-sdk" */;
			productName = "FirebaseFirestoreCombine-Community";
		};
		A9596B652C67CD2600950E12 /* FirebaseFunctions */ = {
			isa = XCSwiftPackageProductDependency;
			package = A9596B4C2C67CD2600950E12 /* XCRemoteSwiftPackageReference "firebase-ios-sdk" */;
			productName = FirebaseFunctions;
		};
		A9596B672C67CD2600950E12 /* FirebaseFunctionsCombine-Community */ = {
			isa = XCSwiftPackageProductDependency;
			package = A9596B4C2C67CD2600950E12 /* XCRemoteSwiftPackageReference "firebase-ios-sdk" */;
			productName = "FirebaseFunctionsCombine-Community";
		};
		A9596B692C67CD2600950E12 /* FirebaseInAppMessaging-Beta */ = {
			isa = XCSwiftPackageProductDependency;
			package = A9596B4C2C67CD2600950E12 /* XCRemoteSwiftPackageReference "firebase-ios-sdk" */;
			productName = "FirebaseInAppMessaging-Beta";
		};
		A9596B6B2C67CD2600950E12 /* FirebaseInstallations */ = {
			isa = XCSwiftPackageProductDependency;
			package = A9596B4C2C67CD2600950E12 /* XCRemoteSwiftPackageReference "firebase-ios-sdk" */;
			productName = FirebaseInstallations;
		};
		A9596B6D2C67CD2600950E12 /* FirebaseMLModelDownloader */ = {
			isa = XCSwiftPackageProductDependency;
			package = A9596B4C2C67CD2600950E12 /* XCRemoteSwiftPackageReference "firebase-ios-sdk" */;
			productName = FirebaseMLModelDownloader;
		};
		A9596B6F2C67CD2600950E12 /* FirebaseMessaging */ = {
			isa = XCSwiftPackageProductDependency;
			package = A9596B4C2C67CD2600950E12 /* XCRemoteSwiftPackageReference "firebase-ios-sdk" */;
			productName = FirebaseMessaging;
		};
		A9596B712C67CD2600950E12 /* FirebasePerformance */ = {
			isa = XCSwiftPackageProductDependency;
			package = A9596B4C2C67CD2600950E12 /* XCRemoteSwiftPackageReference "firebase-ios-sdk" */;
			productName = FirebasePerformance;
		};
		A9596B732C67CD2600950E12 /* FirebaseRemoteConfig */ = {
			isa = XCSwiftPackageProductDependency;
			package = A9596B4C2C67CD2600950E12 /* XCRemoteSwiftPackageReference "firebase-ios-sdk" */;
			productName = FirebaseRemoteConfig;
		};
		A9596B752C67CD2600950E12 /* FirebaseStorage */ = {
			isa = XCSwiftPackageProductDependency;
			package = A9596B4C2C67CD2600950E12 /* XCRemoteSwiftPackageReference "firebase-ios-sdk" */;
			productName = FirebaseStorage;
		};
		A9596B772C67CD2600950E12 /* FirebaseStorageCombine-Community */ = {
			isa = XCSwiftPackageProductDependency;
			package = A9596B4C2C67CD2600950E12 /* XCRemoteSwiftPackageReference "firebase-ios-sdk" */;
			productName = "FirebaseStorageCombine-Community";
		};
		A9596B792C67CD2600950E12 /* FirebaseVertexAI-Preview */ = {
			isa = XCSwiftPackageProductDependency;
			package = A9596B4C2C67CD2600950E12 /* XCRemoteSwiftPackageReference "firebase-ios-sdk" */;
			productName = "FirebaseVertexAI-Preview";
		};
		A9596B7C2C67CD3900950E12 /* SwiftyJSON */ = {
			isa = XCSwiftPackageProductDependency;
			package = A9596B7B2C67CD3900950E12 /* XCRemoteSwiftPackageReference "SwiftyJSON" */;
			productName = SwiftyJSON;
		};
		A9596B7F2C67CD5B00950E12 /* KakaoSDK */ = {
			isa = XCSwiftPackageProductDependency;
			package = A9596B7E2C67CD5B00950E12 /* XCRemoteSwiftPackageReference "kakao-ios-sdk" */;
			productName = KakaoSDK;
		};
		A9596B812C67CD5B00950E12 /* KakaoSDKAuth */ = {
			isa = XCSwiftPackageProductDependency;
			package = A9596B7E2C67CD5B00950E12 /* XCRemoteSwiftPackageReference "kakao-ios-sdk" */;
			productName = KakaoSDKAuth;
		};
		A9596B832C67CD5B00950E12 /* KakaoSDKCert */ = {
			isa = XCSwiftPackageProductDependency;
			package = A9596B7E2C67CD5B00950E12 /* XCRemoteSwiftPackageReference "kakao-ios-sdk" */;
			productName = KakaoSDKCert;
		};
		A9596B852C67CD5B00950E12 /* KakaoSDKCertCore */ = {
			isa = XCSwiftPackageProductDependency;
			package = A9596B7E2C67CD5B00950E12 /* XCRemoteSwiftPackageReference "kakao-ios-sdk" */;
			productName = KakaoSDKCertCore;
		};
		A9596B872C67CD5B00950E12 /* KakaoSDKCommon */ = {
			isa = XCSwiftPackageProductDependency;
			package = A9596B7E2C67CD5B00950E12 /* XCRemoteSwiftPackageReference "kakao-ios-sdk" */;
			productName = KakaoSDKCommon;
		};
		A9596B892C67CD5B00950E12 /* KakaoSDKFriend */ = {
			isa = XCSwiftPackageProductDependency;
			package = A9596B7E2C67CD5B00950E12 /* XCRemoteSwiftPackageReference "kakao-ios-sdk" */;
			productName = KakaoSDKFriend;
		};
		A9596B8B2C67CD5B00950E12 /* KakaoSDKFriendCore */ = {
			isa = XCSwiftPackageProductDependency;
			package = A9596B7E2C67CD5B00950E12 /* XCRemoteSwiftPackageReference "kakao-ios-sdk" */;
			productName = KakaoSDKFriendCore;
		};
		A9596B8D2C67CD5B00950E12 /* KakaoSDKNavi */ = {
			isa = XCSwiftPackageProductDependency;
			package = A9596B7E2C67CD5B00950E12 /* XCRemoteSwiftPackageReference "kakao-ios-sdk" */;
			productName = KakaoSDKNavi;
		};
		A9596B8F2C67CD5B00950E12 /* KakaoSDKShare */ = {
			isa = XCSwiftPackageProductDependency;
			package = A9596B7E2C67CD5B00950E12 /* XCRemoteSwiftPackageReference "kakao-ios-sdk" */;
			productName = KakaoSDKShare;
		};
		A9596B912C67CD5B00950E12 /* KakaoSDKTalk */ = {
			isa = XCSwiftPackageProductDependency;
			package = A9596B7E2C67CD5B00950E12 /* XCRemoteSwiftPackageReference "kakao-ios-sdk" */;
			productName = KakaoSDKTalk;
		};
		A9596B932C67CD5B00950E12 /* KakaoSDKTemplate */ = {
			isa = XCSwiftPackageProductDependency;
			package = A9596B7E2C67CD5B00950E12 /* XCRemoteSwiftPackageReference "kakao-ios-sdk" */;
			productName = KakaoSDKTemplate;
		};
		A9596B952C67CD5B00950E12 /* KakaoSDKUser */ = {
			isa = XCSwiftPackageProductDependency;
			package = A9596B7E2C67CD5B00950E12 /* XCRemoteSwiftPackageReference "kakao-ios-sdk" */;
			productName = KakaoSDKUser;
		};
/* End XCSwiftPackageProductDependency section */
	};
	rootObject = 335666932C4F92E800100C0E /* Project object */;
}
